
Microsoft Visual Studio Solution File, Format Version 12.00
# Visual Studio Version 16
VisualStudioVersion = 16.0.28803.352
MinimumVisualStudioVersion = 10.0.40219.1
Project("{FAE04EC0-301F-11D3-BF4B-00C04F79EFBC}") = "emailyouxiang", "emailyouxiang\emailyouxiang.csproj", "{6B97219B-1F42-4EB3-AE34-C13AC4334A3F}"
EndProject
Global
	GlobalSection(SolutionConfigurationPlatforms) = preSolution
		Debug|Any CPU = Debug|Any CPU
		Release|Any CPU = Release|Any CPU
	EndGlobalSection
	GlobalSection(ProjectConfigurationPlatforms) = postSolution
		{6B97219B-1F42-4EB3-AE34-C13AC4334A3F}.Debug|Any CPU.ActiveCfg = Debug|Any CPU
		{6B97219B-1F42-4EB3-AE34-C13AC4334A3F}.Debug|Any CPU.Build.0 = Debug|Any CPU
		{6B97219B-1F42-4EB3-AE34-C13AC4334A3F}.Release|Any CPU.ActiveCfg = Release|Any CPU
		{6B97219B-1F42-4EB3-AE34-C13AC4334A3F}.Release|Any CPU.Build.0 = Release|Any CPU
	EndGlobalSection
	GlobalSection(SolutionProperties) = preSolution
		HideSolutionNode = FALSE
	EndGlobalSection
	GlobalSection(ExtensibilityGlobals) = postSolution
		SolutionGuid = {D552AC68-D3C9-4990-93FB-1EFB649945DD}
	EndGlobalSection
EndGlobal
